
Microsoft Visual Studio Solution File, Format Version 12.00
# Visual Studio Version 17
VisualStudioVersion = 17.9.34701.34
MinimumVisualStudioVersion = 10.0.40219.1
Project("{9A19103F-16F7-4668-BE54-9A1E7A4F7556}") = "PlayAndWatch", "PlayAndWatch\PlayAndWatch.csproj", "{3C863028-E7D2-4492-B7D3-8EE951283C9D}"
EndProject
Global
	GlobalSection(SolutionConfigurationPlatforms) = preSolution
		Debug|Any CPU = Debug|Any CPU
		Release|Any CPU = Release|Any CPU
	EndGlobalSection
	GlobalSection(ProjectConfigurationPlatforms) = postSolution
		{3C863028-E7D2-4492-B7D3-8EE951283C9D}.Debug|Any CPU.ActiveCfg = Debug|Any CPU
		{3C863028-E7D2-4492-B7D3-8EE951283C9D}.Debug|Any CPU.Build.0 = Debug|Any CPU
		{3C863028-E7D2-4492-B7D3-8EE951283C9D}.Release|Any CPU.ActiveCfg = Release|Any CPU
		{3C863028-E7D2-4492-B7D3-8EE951283C9D}.Release|Any CPU.Build.0 = Release|Any CPU
	EndGlobalSection
	GlobalSection(SolutionProperties) = preSolution
		HideSolutionNode = FALSE
	EndGlobalSection
	GlobalSection(ExtensibilityGlobals) = postSolution
		SolutionGuid = {A78E91B3-E659-4ACC-B405-E6214F06E8D7}
	EndGlobalSection
EndGlobal
